
Microsoft Visual Studio Solution File, Format Version 12.00
# Visual Studio Version 16
VisualStudioVersion = 16.0.31205.134
MinimumVisualStudioVersion = 10.0.40219.1
Project("{FAE04EC0-301F-11D3-BF4B-00C04F79EFBC}") = "Advanced.Testing", "Advanced.Testing\Advanced.Testing.csproj", "{79863250-221E-4D12-A307-E5EBA21FD49E}"
EndProject
Project("{FAE04EC0-301F-11D3-BF4B-00C04F79EFBC}") = "Advanced.BiConnectivity", "Advanced.BiConnectivity\Advanced.BiConnectivity.csproj", "{F4283D55-2EFD-4EA3-98D1-CD8211DF837A}"
EndProject
Global
	GlobalSection(SolutionConfigurationPlatforms) = preSolution
		Debug|Any CPU = Debug|Any CPU
		Release|Any CPU = Release|Any CPU
	EndGlobalSection
	GlobalSection(ProjectConfigurationPlatforms) = postSolution
		{79863250-221E-4D12-A307-E5EBA21FD49E}.Debug|Any CPU.ActiveCfg = Debug|Any CPU
		{79863250-221E-4D12-A307-E5EBA21FD49E}.Debug|Any CPU.Build.0 = Debug|Any CPU
		{79863250-221E-4D12-A307-E5EBA21FD49E}.Release|Any CPU.ActiveCfg = Release|Any CPU
		{79863250-221E-4D12-A307-E5EBA21FD49E}.Release|Any CPU.Build.0 = Release|Any CPU
		{F4283D55-2EFD-4EA3-98D1-CD8211DF837A}.Debug|Any CPU.ActiveCfg = Debug|Any CPU
		{F4283D55-2EFD-4EA3-98D1-CD8211DF837A}.Debug|Any CPU.Build.0 = Debug|Any CPU
		{F4283D55-2EFD-4EA3-98D1-CD8211DF837A}.Release|Any CPU.ActiveCfg = Release|Any CPU
		{F4283D55-2EFD-4EA3-98D1-CD8211DF837A}.Release|Any CPU.Build.0 = Release|Any CPU
	EndGlobalSection
	GlobalSection(SolutionProperties) = preSolution
		HideSolutionNode = FALSE
	EndGlobalSection
	GlobalSection(ExtensibilityGlobals) = postSolution
		SolutionGuid = {25DBF992-B566-47F1-B51B-F757FC2822C5}
	EndGlobalSection
EndGlobal
