
Microsoft Visual Studio Solution File, Format Version 12.00
# Visual Studio Version 16
VisualStudioVersion = 16.0.31205.134
MinimumVisualStudioVersion = 10.0.40219.1
Project("{9A19103F-16F7-4668-BE54-9A1E7A4F7556}") = "Exam.Regular.HalfPalindromes", "Exam.Regular.HalfPalindromes\Exam.Regular.HalfPalindromes.csproj", "{B273A482-DC1C-42B3-BB80-89E677748487}"
EndProject
Project("{FAE04EC0-301F-11D3-BF4B-00C04F79EFBC}") = "Exam.Regular.MostValuablePaths", "Exam.Regular.MostValuablePaths\Exam.Regular.MostValuablePaths.csproj", "{4890A5F2-08F2-4BEF-9B8D-CA81126A6B2E}"
EndProject
Global
	GlobalSection(SolutionConfigurationPlatforms) = preSolution
		Debug|Any CPU = Debug|Any CPU
		Release|Any CPU = Release|Any CPU
	EndGlobalSection
	GlobalSection(ProjectConfigurationPlatforms) = postSolution
		{B273A482-DC1C-42B3-BB80-89E677748487}.Debug|Any CPU.ActiveCfg = Debug|Any CPU
		{B273A482-DC1C-42B3-BB80-89E677748487}.Debug|Any CPU.Build.0 = Debug|Any CPU
		{B273A482-DC1C-42B3-BB80-89E677748487}.Release|Any CPU.ActiveCfg = Release|Any CPU
		{B273A482-DC1C-42B3-BB80-89E677748487}.Release|Any CPU.Build.0 = Release|Any CPU
		{4890A5F2-08F2-4BEF-9B8D-CA81126A6B2E}.Debug|Any CPU.ActiveCfg = Debug|Any CPU
		{4890A5F2-08F2-4BEF-9B8D-CA81126A6B2E}.Debug|Any CPU.Build.0 = Debug|Any CPU
		{4890A5F2-08F2-4BEF-9B8D-CA81126A6B2E}.Release|Any CPU.ActiveCfg = Release|Any CPU
		{4890A5F2-08F2-4BEF-9B8D-CA81126A6B2E}.Release|Any CPU.Build.0 = Release|Any CPU
	EndGlobalSection
	GlobalSection(SolutionProperties) = preSolution
		HideSolutionNode = FALSE
	EndGlobalSection
	GlobalSection(ExtensibilityGlobals) = postSolution
		SolutionGuid = {9D8A92D0-DC55-458A-A71F-4A0FCE1470D6}
	EndGlobalSection
EndGlobal
