
Microsoft Visual Studio Solution File, Format Version 12.00
# Visual Studio Version 16
VisualStudioVersion = 16.0.31205.134
MinimumVisualStudioVersion = 10.0.40219.1
Project("{FAE04EC0-301F-11D3-BF4B-00C04F79EFBC}") = "Algorithms.Recursion", "Algorithms.Recursion\Algorithms.Recursion.csproj", "{37B6049E-654B-48A7-94B4-CC98313542C7}"
EndProject
Project("{FAE04EC0-301F-11D3-BF4B-00C04F79EFBC}") = "Algorithms.Fibonacci", "Algorithms.Fibonacci\Algorithms.Fibonacci.csproj", "{8DA85F55-080E-40F1-A31B-99743A1B2EFD}"
EndProject
Project("{FAE04EC0-301F-11D3-BF4B-00C04F79EFBC}") = "Algorithms.EightQueens", "Algorithms.EightQueens\Algorithms.EightQueens.csproj", "{0389EACC-E6E2-4B06-95B4-DE1B76D768A6}"
EndProject
Global
	GlobalSection(SolutionConfigurationPlatforms) = preSolution
		Debug|Any CPU = Debug|Any CPU
		Release|Any CPU = Release|Any CPU
	EndGlobalSection
	GlobalSection(ProjectConfigurationPlatforms) = postSolution
		{37B6049E-654B-48A7-94B4-CC98313542C7}.Debug|Any CPU.ActiveCfg = Debug|Any CPU
		{37B6049E-654B-48A7-94B4-CC98313542C7}.Debug|Any CPU.Build.0 = Debug|Any CPU
		{37B6049E-654B-48A7-94B4-CC98313542C7}.Release|Any CPU.ActiveCfg = Release|Any CPU
		{37B6049E-654B-48A7-94B4-CC98313542C7}.Release|Any CPU.Build.0 = Release|Any CPU
		{8DA85F55-080E-40F1-A31B-99743A1B2EFD}.Debug|Any CPU.ActiveCfg = Debug|Any CPU
		{8DA85F55-080E-40F1-A31B-99743A1B2EFD}.Debug|Any CPU.Build.0 = Debug|Any CPU
		{8DA85F55-080E-40F1-A31B-99743A1B2EFD}.Release|Any CPU.ActiveCfg = Release|Any CPU
		{8DA85F55-080E-40F1-A31B-99743A1B2EFD}.Release|Any CPU.Build.0 = Release|Any CPU
		{0389EACC-E6E2-4B06-95B4-DE1B76D768A6}.Debug|Any CPU.ActiveCfg = Debug|Any CPU
		{0389EACC-E6E2-4B06-95B4-DE1B76D768A6}.Debug|Any CPU.Build.0 = Debug|Any CPU
		{0389EACC-E6E2-4B06-95B4-DE1B76D768A6}.Release|Any CPU.ActiveCfg = Release|Any CPU
		{0389EACC-E6E2-4B06-95B4-DE1B76D768A6}.Release|Any CPU.Build.0 = Release|Any CPU
	EndGlobalSection
	GlobalSection(SolutionProperties) = preSolution
		HideSolutionNode = FALSE
	EndGlobalSection
	GlobalSection(ExtensibilityGlobals) = postSolution
		SolutionGuid = {14158EBB-B30C-4ABC-BFC5-444ADD317695}
	EndGlobalSection
EndGlobal
