
Microsoft Visual Studio Solution File, Format Version 12.00
# Visual Studio Version 16
VisualStudioVersion = 16.0.31205.134
MinimumVisualStudioVersion = 10.0.40219.1
Project("{9A19103F-16F7-4668-BE54-9A1E7A4F7556}") = "Exam.Permutations", "Exam.Permutations\Exam.Permutations.csproj", "{003CC477-9F30-4649-966E-A101C3FB6671}"
EndProject
Project("{FAE04EC0-301F-11D3-BF4B-00C04F79EFBC}") = "Exam.Leaks", "Exam.Leaks\Exam.Leaks.csproj", "{BA6023BB-BC10-4CB6-AD5A-4D32C42E81D8}"
EndProject
Global
	GlobalSection(SolutionConfigurationPlatforms) = preSolution
		Debug|Any CPU = Debug|Any CPU
		Release|Any CPU = Release|Any CPU
	EndGlobalSection
	GlobalSection(ProjectConfigurationPlatforms) = postSolution
		{003CC477-9F30-4649-966E-A101C3FB6671}.Debug|Any CPU.ActiveCfg = Debug|Any CPU
		{003CC477-9F30-4649-966E-A101C3FB6671}.Debug|Any CPU.Build.0 = Debug|Any CPU
		{003CC477-9F30-4649-966E-A101C3FB6671}.Release|Any CPU.ActiveCfg = Release|Any CPU
		{003CC477-9F30-4649-966E-A101C3FB6671}.Release|Any CPU.Build.0 = Release|Any CPU
		{BA6023BB-BC10-4CB6-AD5A-4D32C42E81D8}.Debug|Any CPU.ActiveCfg = Debug|Any CPU
		{BA6023BB-BC10-4CB6-AD5A-4D32C42E81D8}.Debug|Any CPU.Build.0 = Debug|Any CPU
		{BA6023BB-BC10-4CB6-AD5A-4D32C42E81D8}.Release|Any CPU.ActiveCfg = Release|Any CPU
		{BA6023BB-BC10-4CB6-AD5A-4D32C42E81D8}.Release|Any CPU.Build.0 = Release|Any CPU
	EndGlobalSection
	GlobalSection(SolutionProperties) = preSolution
		HideSolutionNode = FALSE
	EndGlobalSection
	GlobalSection(ExtensibilityGlobals) = postSolution
		SolutionGuid = {B1FB5985-7C01-48B5-9564-4F2240636686}
	EndGlobalSection
EndGlobal
